
Microsoft Visual Studio Solution File, Format Version 12.00
# Visual Studio Version 16
VisualStudioVersion = 16.0.29009.5
MinimumVisualStudioVersion = 10.0.40219.1
Project("{9A19103F-16F7-4668-BE54-9A1E7A4F7556}") = "AkkaOnCore", "AkkaOnCore\AkkaOnCore.csproj", "{EF097B0F-6A24-4B30-9250-318C7CAF12A2}"
EndProject
Project("{9A19103F-16F7-4668-BE54-9A1E7A4F7556}") = "AkkaOnCore.Actors", "AkkaOnCore.Actors\AkkaOnCore.Actors.csproj", "{821001BB-3461-43BD-91FD-A46E6FBD3A29}"
EndProject
Project("{E53339B2-1760-4266-BCC7-CA923CBCF16C}") = "docker-compose", "docker-compose.dcproj", "{3E5ECE59-E961-4343-9370-E8B52283136F}"
EndProject
Project("{FAE04EC0-301F-11D3-BF4B-00C04F79EFBC}") = "AkkaOnCore.Messages", "AkkaOnCore.Messages\AkkaOnCore.Messages.csproj", "{F7A190D6-DFB4-4F26-92F4-119CC8073C63}"
EndProject
Project("{FAE04EC0-301F-11D3-BF4B-00C04F79EFBC}") = "AkkaOnCore.QueryAPI", "AkkaOnCore.QueryAPI\AkkaOnCore.QueryAPI.csproj", "{1719CC3A-8F16-42E2-B546-1C0F78E6490E}"
EndProject
Project("{FAE04EC0-301F-11D3-BF4B-00C04F79EFBC}") = "AkkaOnCore.APICommon", "AkkaOnCore.APICommon\AkkaOnCore.APICommon.csproj", "{93B27949-B5C6-40E1-BD2D-E810544CD55F}"
EndProject
Global
	GlobalSection(SolutionConfigurationPlatforms) = preSolution
		Debug|Any CPU = Debug|Any CPU
		Release|Any CPU = Release|Any CPU
	EndGlobalSection
	GlobalSection(ProjectConfigurationPlatforms) = postSolution
		{EF097B0F-6A24-4B30-9250-318C7CAF12A2}.Debug|Any CPU.ActiveCfg = Debug|Any CPU
		{EF097B0F-6A24-4B30-9250-318C7CAF12A2}.Debug|Any CPU.Build.0 = Debug|Any CPU
		{EF097B0F-6A24-4B30-9250-318C7CAF12A2}.Release|Any CPU.ActiveCfg = Release|Any CPU
		{EF097B0F-6A24-4B30-9250-318C7CAF12A2}.Release|Any CPU.Build.0 = Release|Any CPU
		{821001BB-3461-43BD-91FD-A46E6FBD3A29}.Debug|Any CPU.ActiveCfg = Debug|Any CPU
		{821001BB-3461-43BD-91FD-A46E6FBD3A29}.Debug|Any CPU.Build.0 = Debug|Any CPU
		{821001BB-3461-43BD-91FD-A46E6FBD3A29}.Release|Any CPU.ActiveCfg = Release|Any CPU
		{821001BB-3461-43BD-91FD-A46E6FBD3A29}.Release|Any CPU.Build.0 = Release|Any CPU
		{3E5ECE59-E961-4343-9370-E8B52283136F}.Debug|Any CPU.ActiveCfg = Debug|Any CPU
		{3E5ECE59-E961-4343-9370-E8B52283136F}.Debug|Any CPU.Build.0 = Debug|Any CPU
		{3E5ECE59-E961-4343-9370-E8B52283136F}.Release|Any CPU.ActiveCfg = Release|Any CPU
		{3E5ECE59-E961-4343-9370-E8B52283136F}.Release|Any CPU.Build.0 = Release|Any CPU
		{F7A190D6-DFB4-4F26-92F4-119CC8073C63}.Debug|Any CPU.ActiveCfg = Debug|Any CPU
		{F7A190D6-DFB4-4F26-92F4-119CC8073C63}.Debug|Any CPU.Build.0 = Debug|Any CPU
		{F7A190D6-DFB4-4F26-92F4-119CC8073C63}.Release|Any CPU.ActiveCfg = Release|Any CPU
		{F7A190D6-DFB4-4F26-92F4-119CC8073C63}.Release|Any CPU.Build.0 = Release|Any CPU
		{1719CC3A-8F16-42E2-B546-1C0F78E6490E}.Debug|Any CPU.ActiveCfg = Debug|Any CPU
		{1719CC3A-8F16-42E2-B546-1C0F78E6490E}.Debug|Any CPU.Build.0 = Debug|Any CPU
		{1719CC3A-8F16-42E2-B546-1C0F78E6490E}.Release|Any CPU.ActiveCfg = Release|Any CPU
		{1719CC3A-8F16-42E2-B546-1C0F78E6490E}.Release|Any CPU.Build.0 = Release|Any CPU
		{93B27949-B5C6-40E1-BD2D-E810544CD55F}.Debug|Any CPU.ActiveCfg = Debug|Any CPU
		{93B27949-B5C6-40E1-BD2D-E810544CD55F}.Debug|Any CPU.Build.0 = Debug|Any CPU
		{93B27949-B5C6-40E1-BD2D-E810544CD55F}.Release|Any CPU.ActiveCfg = Release|Any CPU
		{93B27949-B5C6-40E1-BD2D-E810544CD55F}.Release|Any CPU.Build.0 = Release|Any CPU
	EndGlobalSection
	GlobalSection(SolutionProperties) = preSolution
		HideSolutionNode = FALSE
	EndGlobalSection
	GlobalSection(ExtensibilityGlobals) = postSolution
		SolutionGuid = {C62BFC0D-C5D6-45A0-BE7A-534EAFDF7F87}
	EndGlobalSection
EndGlobal
